
Microsoft Visual Studio Solution File, Format Version 12.00
# Visual Studio Version 17
VisualStudioVersion = 17.7.34221.43
MinimumVisualStudioVersion = 10.0.40219.1
Project("{FAE04EC0-301F-11D3-BF4B-00C04F79EFBC}") = "Лаб 4", "Лаб 4\Лаб 4.csproj", "{CEB40C3D-E150-496F-93C2-75DAA5F2C969}"
EndProject
Global
	GlobalSection(SolutionConfigurationPlatforms) = preSolution
		Debug|Any CPU = Debug|Any CPU
		Release|Any CPU = Release|Any CPU
	EndGlobalSection
	GlobalSection(ProjectConfigurationPlatforms) = postSolution
		{CEB40C3D-E150-496F-93C2-75DAA5F2C969}.Debug|Any CPU.ActiveCfg = Debug|Any CPU
		{CEB40C3D-E150-496F-93C2-75DAA5F2C969}.Debug|Any CPU.Build.0 = Debug|Any CPU
		{CEB40C3D-E150-496F-93C2-75DAA5F2C969}.Release|Any CPU.ActiveCfg = Release|Any CPU
		{CEB40C3D-E150-496F-93C2-75DAA5F2C969}.Release|Any CPU.Build.0 = Release|Any CPU
	EndGlobalSection
	GlobalSection(SolutionProperties) = preSolution
		HideSolutionNode = FALSE
	EndGlobalSection
	GlobalSection(ExtensibilityGlobals) = postSolution
		SolutionGuid = {88065E40-3AE7-4A8D-89D9-F08996C8D8BE}
	EndGlobalSection
EndGlobal
